
Microsoft Visual Studio Solution File, Format Version 12.00
# Visual Studio Version 17
VisualStudioVersion = 17.2.32630.192
MinimumVisualStudioVersion = 10.0.40219.1
Project("{FAE04EC0-301F-11D3-BF4B-00C04F79EFBC}") = "Tutorial 1", "Tutorial 1\Tutorial 1.csproj", "{D54C1C67-E0BF-4BCE-ABCF-C27C71D3927C}"
EndProject
Project("{FAE04EC0-301F-11D3-BF4B-00C04F79EFBC}") = "Bankconsoleapp", "Bankconsoleapp\Bankconsoleapp.csproj", "{E05F5698-3EFB-4FF3-8016-EADCC9C456D1}"
EndProject
Project("{FAE04EC0-301F-11D3-BF4B-00C04F79EFBC}") = "Bankingwpf", "Bankingwpf\Bankingwpf.csproj", "{9E58B29E-94B1-4A14-A65A-8DBEEEE7BBDA}"
EndProject
Global
	GlobalSection(SolutionConfigurationPlatforms) = preSolution
		Debug|Any CPU = Debug|Any CPU
		Release|Any CPU = Release|Any CPU
	EndGlobalSection
	GlobalSection(ProjectConfigurationPlatforms) = postSolution
		{D54C1C67-E0BF-4BCE-ABCF-C27C71D3927C}.Debug|Any CPU.ActiveCfg = Debug|Any CPU
		{D54C1C67-E0BF-4BCE-ABCF-C27C71D3927C}.Debug|Any CPU.Build.0 = Debug|Any CPU
		{D54C1C67-E0BF-4BCE-ABCF-C27C71D3927C}.Release|Any CPU.ActiveCfg = Release|Any CPU
		{D54C1C67-E0BF-4BCE-ABCF-C27C71D3927C}.Release|Any CPU.Build.0 = Release|Any CPU
		{E05F5698-3EFB-4FF3-8016-EADCC9C456D1}.Debug|Any CPU.ActiveCfg = Debug|Any CPU
		{E05F5698-3EFB-4FF3-8016-EADCC9C456D1}.Debug|Any CPU.Build.0 = Debug|Any CPU
		{E05F5698-3EFB-4FF3-8016-EADCC9C456D1}.Release|Any CPU.ActiveCfg = Release|Any CPU
		{E05F5698-3EFB-4FF3-8016-EADCC9C456D1}.Release|Any CPU.Build.0 = Release|Any CPU
		{9E58B29E-94B1-4A14-A65A-8DBEEEE7BBDA}.Debug|Any CPU.ActiveCfg = Debug|Any CPU
		{9E58B29E-94B1-4A14-A65A-8DBEEEE7BBDA}.Debug|Any CPU.Build.0 = Debug|Any CPU
		{9E58B29E-94B1-4A14-A65A-8DBEEEE7BBDA}.Release|Any CPU.ActiveCfg = Release|Any CPU
		{9E58B29E-94B1-4A14-A65A-8DBEEEE7BBDA}.Release|Any CPU.Build.0 = Release|Any CPU
	EndGlobalSection
	GlobalSection(SolutionProperties) = preSolution
		HideSolutionNode = FALSE
	EndGlobalSection
	GlobalSection(ExtensibilityGlobals) = postSolution
		SolutionGuid = {8ACEB25E-6A0B-4C67-B8AA-4273181A95BD}
	EndGlobalSection
EndGlobal
